
Microsoft Visual Studio Solution File, Format Version 12.00
# Visual Studio Version 16
VisualStudioVersion = 16.0.31402.337
MinimumVisualStudioVersion = 10.0.40219.1
Project("{FAE04EC0-301F-11D3-BF4B-00C04F79EFBC}") = "LinearRegression", "LinearRegression\LinearRegression.csproj", "{C6B44F97-5162-446D-BD78-F9507BE2580B}"
EndProject
Global
	GlobalSection(SolutionConfigurationPlatforms) = preSolution
		Debug|Any CPU = Debug|Any CPU
		Release|Any CPU = Release|Any CPU
	EndGlobalSection
	GlobalSection(ProjectConfigurationPlatforms) = postSolution
		{C6B44F97-5162-446D-BD78-F9507BE2580B}.Debug|Any CPU.ActiveCfg = Debug|Any CPU
		{C6B44F97-5162-446D-BD78-F9507BE2580B}.Debug|Any CPU.Build.0 = Debug|Any CPU
		{C6B44F97-5162-446D-BD78-F9507BE2580B}.Release|Any CPU.ActiveCfg = Release|Any CPU
		{C6B44F97-5162-446D-BD78-F9507BE2580B}.Release|Any CPU.Build.0 = Release|Any CPU
	EndGlobalSection
	GlobalSection(SolutionProperties) = preSolution
		HideSolutionNode = FALSE
	EndGlobalSection
	GlobalSection(ExtensibilityGlobals) = postSolution
		SolutionGuid = {B7491C3E-AE2C-46D6-87D9-4652446198A3}
	EndGlobalSection
EndGlobal
